{
    "_readme": [
        "This file locks the dependencies of your project to a known state",
        "Read more about it at https://getcomposer.org/doc/01-basic-usage.md#composer-lock-the-lock-file",
        "This file is @generated automatically"
    ],
    "hash": "02e4ad5eecaeb18908f9749a22fd29c9",
    "content-hash": "0d56e827c88d052a8830a01a76bc30b8",
    "packages": [
        {
            "name": "albhilazo/thin-framework",
            "version": "dev-master",
            "source": {
                "type": "git",
                "url": "https://github.com/albhilazo/thin-framework.git",
                "reference": "735f3e3bf99e157c26ccbd7cc368b3feaf65e054"
            },
            "dist": {
                "type": "zip",
                "url": "https://api.github.com/repos/albhilazo/thin-framework/zipball/735f3e3bf99e157c26ccbd7cc368b3feaf65e054",
                "reference": "735f3e3bf99e157c26ccbd7cc368b3feaf65e054",
                "shasum": ""
            },
            "require": {
                "php": ">=5.6",
                "symfony/yaml": "^3.1",
                "twig/twig": "^1.24"
            },
            "type": "project",
            "autoload": {
                "psr-4": {
                    "ThinFramework\\": "src/ThinFramework/"
                }
            },
            "license": [
                "Apache-2.0"
            ],
            "authors": [
                {
                    "name": "Albert Hilazo",
                    "email": "albhilazo@gmail.com"
                }
            ],
            "homepage": "https://github.com/albhilazo/thin-framework",
            "support": {
                "source": "https://github.com/albhilazo/thin-framework/tree/master",
                "issues": "https://github.com/albhilazo/thin-framework/issues"
            },
            "time": "2016-07-31 17:23:56"
        },
        {
            "name": "symfony/yaml",
            "version": "dev-master",
            "source": {
                "type": "git",
                "url": "https://github.com/symfony/yaml.git",
                "reference": "cd3288cd749886aa1ff43038f17db6494e883262"
            },
            "dist": {
                "type": "zip",
                "url": "https://api.github.com/repos/symfony/yaml/zipball/cd3288cd749886aa1ff43038f17db6494e883262",
                "reference": "cd3288cd749886aa1ff43038f17db6494e883262",
                "shasum": ""
            },
            "require": {
                "php": ">=5.5.9"
            },
            "require-dev": {
                "symfony/console": "~2.8|~3.0"
            },
            "suggest": {
                "symfony/console": "For validating YAML files using the lint command"
            },
            "type": "library",
            "extra": {
                "branch-alias": {
                    "dev-master": "3.2-dev"
                }
            },
            "autoload": {
                "psr-4": {
                    "Symfony\\Component\\Yaml\\": ""
                },
                "exclude-from-classmap": [
                    "/Tests/"
                ]
            },
            "notification-url": "https://packagist.org/downloads/",
            "license": [
                "MIT"
            ],
            "authors": [
                {
                    "name": "Fabien Potencier",
                    "email": "fabien@symfony.com"
                },
                {
                    "name": "Symfony Community",
                    "homepage": "https://symfony.com/contributors"
                }
            ],
            "description": "Symfony Yaml Component",
            "homepage": "https://symfony.com",
            "time": "2016-07-17 14:08:33"
        },
        {
            "name": "twig/twig",
            "version": "1.x-dev",
            "source": {
                "type": "git",
                "url": "https://github.com/twigphp/Twig.git",
                "reference": "b7cd3a88dcab5189a7f6d7f8756b17cd25faf759"
            },
            "dist": {
                "type": "zip",
                "url": "https://api.github.com/repos/twigphp/Twig/zipball/b7cd3a88dcab5189a7f6d7f8756b17cd25faf759",
                "reference": "b7cd3a88dcab5189a7f6d7f8756b17cd25faf759",
                "shasum": ""
            },
            "require": {
                "php": ">=5.2.7"
            },
            "require-dev": {
                "symfony/debug": "~2.7",
                "symfony/phpunit-bridge": "~2.7"
            },
            "type": "library",
            "extra": {
                "branch-alias": {
                    "dev-master": "1.24-dev"
                }
            },
            "autoload": {
                "psr-0": {
                    "Twig_": "lib/"
                }
            },
            "notification-url": "https://packagist.org/downloads/",
            "license": [
                "BSD-3-Clause"
            ],
            "authors": [
                {
                    "name": "Fabien Potencier",
                    "email": "fabien@symfony.com",
                    "homepage": "http://fabien.potencier.org",
                    "role": "Lead Developer"
                },
                {
                    "name": "Armin Ronacher",
                    "email": "armin.ronacher@active-4.com",
                    "role": "Project Founder"
                },
                {
                    "name": "Twig Team",
                    "homepage": "http://twig.sensiolabs.org/contributors",
                    "role": "Contributors"
                }
            ],
            "description": "Twig, the flexible, fast, and secure template language for PHP",
            "homepage": "http://twig.sensiolabs.org",
            "keywords": [
                "templating"
            ],
            "time": "2016-07-28 20:58:48"
        }
    ],
    "packages-dev": [],
    "aliases": [],
    "minimum-stability": "dev",
    "stability-flags": {
        "albhilazo/thin-framework": 20
    },
    "prefer-stable": false,
    "prefer-lowest": false,
    "platform": {
        "php": ">=5.6"
    },
    "platform-dev": []
}
